// !$*UTF8*$!
{
	archiveVersion = 1;
	classes = {
	};
	objectVersion = 46;
	objects = {

/* Begin PBXBuildFile section */
		344D87571BDED6A200487684 /* Contacts.framework in Frameworks */ = {isa = PBXBuildFile; fileRef = 344D87561BDED6A200487684 /* Contacts.framework */; };
		344D875A1BDED6A600487684 /* ContactsUI.framework in Frameworks */ = {isa = PBXBuildFile; fileRef = 344D87591BDED6A600487684 /* ContactsUI.framework */; };
		3472096B1BB808D1004DE6DA /* AppDelegate.swift in Sources */ = {isa = PBXBuildFile; fileRef = 3472096A1BB808D1004DE6DA /* AppDelegate.swift */; };
		3472096D1BB808D1004DE6DA /* ViewController.swift in Sources */ = {isa = PBXBuildFile; fileRef = 3472096C1BB808D1004DE6DA /* ViewController.swift */; };
		347209721BB808D1004DE6DA /* Assets.xcassets in Resources */ = {isa = PBXBuildFile; fileRef = 347209711BB808D1004DE6DA /* Assets.xcassets */; };
		347209751BB808D1004DE6DA /* LaunchScreen.storyboard in Resources */ = {isa = PBXBuildFile; fileRef = 347209731BB808D1004DE6DA /* LaunchScreen.storyboard */; };
		3472098E1BB80A4F004DE6DA /* Foundation.framework in Frameworks */ = {isa = PBXBuildFile; fileRef = 3472098D1BB80A4F004DE6DA /* Foundation.framework */; };
		6EE0C5F021523B2A00FA2A18 /* PhoneNumberKit.framework in Frameworks */ = {isa = PBXBuildFile; fileRef = 6EE0C5EF21523B2A00FA2A18 /* PhoneNumberKit.framework */; };
/* End PBXBuildFile section */

/* Begin PBXCopyFilesBuildPhase section */
		3435CCA51BC00184003F953B /* Embed Frameworks */ = {
			isa = PBXCopyFilesBuildPhase;
			buildActionMask = 2147483647;
			dstPath = "";
			dstSubfolderSpec = 10;
			files = (
			);
			name = "Embed Frameworks";
			runOnlyForDeploymentPostprocessing = 0;
		};
/* End PBXCopyFilesBuildPhase section */

/* Begin PBXFileReference section */
		344D87561BDED6A200487684 /* Contacts.framework */ = {isa = PBXFileReference; lastKnownFileType = wrapper.framework; name = Contacts.framework; path = System/Library/Frameworks/Contacts.framework; sourceTree = SDKROOT; };
		344D87591BDED6A600487684 /* ContactsUI.framework */ = {isa = PBXFileReference; lastKnownFileType = wrapper.framework; name = ContactsUI.framework; path = System/Library/Frameworks/ContactsUI.framework; sourceTree = SDKROOT; };
		347209671BB808D1004DE6DA /* AsYouTypeSample.app */ = {isa = PBXFileReference; explicitFileType = wrapper.application; includeInIndex = 0; path = AsYouTypeSample.app; sourceTree = BUILT_PRODUCTS_DIR; };
		3472096A1BB808D1004DE6DA /* AppDelegate.swift */ = {isa = PBXFileReference; lastKnownFileType = sourcecode.swift; path = AppDelegate.swift; sourceTree = "<group>"; };
		3472096C1BB808D1004DE6DA /* ViewController.swift */ = {isa = PBXFileReference; lastKnownFileType = sourcecode.swift; path = ViewController.swift; sourceTree = "<group>"; };
		347209711BB808D1004DE6DA /* Assets.xcassets */ = {isa = PBXFileReference; lastKnownFileType = folder.assetcatalog; path = Assets.xcassets; sourceTree = "<group>"; };
		347209741BB808D1004DE6DA /* Base */ = {isa = PBXFileReference; lastKnownFileType = file.storyboard; name = Base; path = Base.lproj/LaunchScreen.storyboard; sourceTree = "<group>"; };
		347209761BB808D1004DE6DA /* Info.plist */ = {isa = PBXFileReference; lastKnownFileType = text.plist.xml; path = Info.plist; sourceTree = "<group>"; };
		3472098D1BB80A4F004DE6DA /* Foundation.framework */ = {isa = PBXFileReference; lastKnownFileType = wrapper.framework; name = Foundation.framework; path = System/Library/Frameworks/Foundation.framework; sourceTree = SDKROOT; };
		6E88F4A320AD4D88002969A7 /* NumPad.framework */ = {isa = PBXFileReference; explicitFileType = wrapper.framework; path = NumPad.framework; sourceTree = BUILT_PRODUCTS_DIR; };
		6EB6963920ACDF6F0077EE6D /* LocaleKit.framework */ = {isa = PBXFileReference; explicitFileType = wrapper.framework; path = LocaleKit.framework; sourceTree = BUILT_PRODUCTS_DIR; };
		6EB6963B20ACDF790077EE6D /* PhoneNumberKit.framework */ = {isa = PBXFileReference; explicitFileType = wrapper.framework; path = PhoneNumberKit.framework; sourceTree = BUILT_PRODUCTS_DIR; };
		6EE0C5EF21523B2A00FA2A18 /* PhoneNumberKit.framework */ = {isa = PBXFileReference; explicitFileType = wrapper.framework; path = PhoneNumberKit.framework; sourceTree = BUILT_PRODUCTS_DIR; };
		6EF2E17720C7DB5900AA108B /* CommonKit.framework */ = {isa = PBXFileReference; explicitFileType = wrapper.framework; path = CommonKit.framework; sourceTree = BUILT_PRODUCTS_DIR; };
/* End PBXFileReference section */

/* Begin PBXFrameworksBuildPhase section */
		347209641BB808D1004DE6DA /* Frameworks */ = {
			isa = PBXFrameworksBuildPhase;
			buildActionMask = 2147483647;
			files = (
				6EE0C5F021523B2A00FA2A18 /* PhoneNumberKit.framework in Frameworks */,
				344D875A1BDED6A600487684 /* ContactsUI.framework in Frameworks */,
				344D87571BDED6A200487684 /* Contacts.framework in Frameworks */,
				3472098E1BB80A4F004DE6DA /* Foundation.framework in Frameworks */,
			);
			runOnlyForDeploymentPostprocessing = 0;
		};
/* End PBXFrameworksBuildPhase section */

/* Begin PBXGroup section */
		3472095E1BB808D1004DE6DA = {
			isa = PBXGroup;
			children = (
				347209691BB808D1004DE6DA /* Sample */,
				347209681BB808D1004DE6DA /* Products */,
				6EB6963820ACDF6F0077EE6D /* Frameworks */,
			);
			sourceTree = "<group>";
		};
		347209681BB808D1004DE6DA /* Products */ = {
			isa = PBXGroup;
			children = (
				347209671BB808D1004DE6DA /* AsYouTypeSample.app */,
			);
			name = Products;
			sourceTree = "<group>";
		};
		347209691BB808D1004DE6DA /* Sample */ = {
			isa = PBXGroup;
			children = (
				3472096A1BB808D1004DE6DA /* AppDelegate.swift */,
				3472096C1BB808D1004DE6DA /* ViewController.swift */,
				347209711BB808D1004DE6DA /* Assets.xcassets */,
				347209731BB808D1004DE6DA /* LaunchScreen.storyboard */,
				347209761BB808D1004DE6DA /* Info.plist */,
				344D87591BDED6A600487684 /* ContactsUI.framework */,
				344D87561BDED6A200487684 /* Contacts.framework */,
				3472098D1BB80A4F004DE6DA /* Foundation.framework */,
			);
			path = Sample;
			sourceTree = "<group>";
		};
		6EB6963820ACDF6F0077EE6D /* Frameworks */ = {
			isa = PBXGroup;
			children = (
				6EE0C5EF21523B2A00FA2A18 /* PhoneNumberKit.framework */,
				6EF2E17720C7DB5900AA108B /* CommonKit.framework */,
				6E88F4A320AD4D88002969A7 /* NumPad.framework */,
				6EB6963B20ACDF790077EE6D /* PhoneNumberKit.framework */,
				6EB6963920ACDF6F0077EE6D /* LocaleKit.framework */,
			);
			name = Frameworks;
			sourceTree = "<group>";
		};
/* End PBXGroup section */

/* Begin PBXNativeTarget section */
		347209661BB808D1004DE6DA /* AsYouTypeSample */ = {
			isa = PBXNativeTarget;
			buildConfigurationList = 347209841BB808D1004DE6DA /* Build configuration list for PBXNativeTarget "AsYouTypeSample" */;
			buildPhases = (
				347209631BB808D1004DE6DA /* Sources */,
				347209641BB808D1004DE6DA /* Frameworks */,
				347209651BB808D1004DE6DA /* Resources */,
				3435CCA51BC00184003F953B /* Embed Frameworks */,
			);
			buildRules = (
			);
			dependencies = (
			);
			name = AsYouTypeSample;
			productName = Sample;
			productReference = 347209671BB808D1004DE6DA /* AsYouTypeSample.app */;
			productType = "com.apple.product-type.application";
		};
/* End PBXNativeTarget section */

/* Begin PBXProject section */
		3472095F1BB808D1004DE6DA /* Project object */ = {
			isa = PBXProject;
			attributes = {
				LastUpgradeCheck = 1020;
				ORGANIZATIONNAME = "Roy Marmelstein";
				TargetAttributes = {
					347209661BB808D1004DE6DA = {
						CreatedOnToolsVersion = 7.0;
						LastSwiftMigration = 1020;
					};
				};
			};
			buildConfigurationList = 347209621BB808D1004DE6DA /* Build configuration list for PBXProject "AsYouTypeSample" */;
			compatibilityVersion = "Xcode 3.2";
			developmentRegion = en;
			hasScannedForEncodings = 0;
			knownRegions = (
				en,
				Base,
			);
			mainGroup = 3472095E1BB808D1004DE6DA;
			productRefGroup = 347209681BB808D1004DE6DA /* Products */;
			projectDirPath = "";
			projectRoot = "";
			targets = (
				347209661BB808D1004DE6DA /* AsYouTypeSample */,
			);
		};
/* End PBXProject section */

/* Begin PBXResourcesBuildPhase section */
		347209651BB808D1004DE6DA /* Resources */ = {
			isa = PBXResourcesBuildPhase;
			buildActionMask = 2147483647;
			files = (
				347209751BB808D1004DE6DA /* LaunchScreen.storyboard in Resources */,
				347209721BB808D1004DE6DA /* Assets.xcassets in Resources */,
			);
			runOnlyForDeploymentPostprocessing = 0;
		};
/* End PBXResourcesBuildPhase section */

/* Begin PBXSourcesBuildPhase section */
		347209631BB808D1004DE6DA /* Sources */ = {
			isa = PBXSourcesBuildPhase;
			buildActionMask = 2147483647;
			files = (
				3472096D1BB808D1004DE6DA /* ViewController.swift in Sources */,
				3472096B1BB808D1004DE6DA /* AppDelegate.swift in Sources */,
			);
			runOnlyForDeploymentPostprocessing = 0;
		};
/* End PBXSourcesBuildPhase section */

/* Begin PBXVariantGroup section */
		347209731BB808D1004DE6DA /* LaunchScreen.storyboard */ = {
			isa = PBXVariantGroup;
			children = (
				347209741BB808D1004DE6DA /* Base */,
			);
			name = LaunchScreen.storyboard;
			sourceTree = "<group>";
		};
/* End PBXVariantGroup section */

/* Begin XCBuildConfiguration section */
		347209821BB808D1004DE6DA /* Debug */ = {
			isa = XCBuildConfiguration;
			buildSettings = {
				ALWAYS_EMBED_SWIFT_STANDARD_LIBRARIES = YES;
				ALWAYS_SEARCH_USER_PATHS = NO;
				CLANG_CXX_LANGUAGE_STANDARD = "gnu++0x";
				CLANG_CXX_LIBRARY = "libc++";
				CLANG_ENABLE_MODULES = YES;
				CLANG_ENABLE_OBJC_ARC = YES;
				CLANG_WARN_BLOCK_CAPTURE_AUTORELEASING = YES;
				CLANG_WARN_BOOL_CONVERSION = YES;
				CLANG_WARN_COMMA = YES;
				CLANG_WARN_CONSTANT_CONVERSION = YES;
				CLANG_WARN_DEPRECATED_OBJC_IMPLEMENTATIONS = YES;
				CLANG_WARN_DIRECT_OBJC_ISA_USAGE = YES_ERROR;
				CLANG_WARN_EMPTY_BODY = YES;
				CLANG_WARN_ENUM_CONVERSION = YES;
				CLANG_WARN_INFINITE_RECURSION = YES;
				CLANG_WARN_INT_CONVERSION = YES;
				CLANG_WARN_NON_LITERAL_NULL_CONVERSION = YES;
				CLANG_WARN_OBJC_IMPLICIT_RETAIN_SELF = YES;
				CLANG_WARN_OBJC_LITERAL_CONVERSION = YES;
				CLANG_WARN_OBJC_ROOT_CLASS = YES_ERROR;
				CLANG_WARN_RANGE_LOOP_ANALYSIS = YES;
				CLANG_WARN_STRICT_PROTOTYPES = YES;
				CLANG_WARN_SUSPICIOUS_MOVE = YES;
				CLANG_WARN_UNREACHABLE_CODE = YES;
				CLANG_WARN__DUPLICATE_METHOD_MATCH = YES;
				"CODE_SIGN_IDENTITY[sdk=iphoneos*]" = "iPhone Developer";
				COPY_PHASE_STRIP = NO;
				DEBUG_INFORMATION_FORMAT = dwarf;
				ENABLE_STRICT_OBJC_MSGSEND = YES;
				ENABLE_TESTABILITY = YES;
				GCC_C_LANGUAGE_STANDARD = gnu99;
				GCC_DYNAMIC_NO_PIC = NO;
				GCC_NO_COMMON_BLOCKS = YES;
				GCC_OPTIMIZATION_LEVEL = 0;
				GCC_PREPROCESSOR_DEFINITIONS = (
					"DEBUG=1",
					"$(inherited)",
				);
				GCC_WARN_64_TO_32_BIT_CONVERSION = YES;
				GCC_WARN_ABOUT_RETURN_TYPE = YES_ERROR;
				GCC_WARN_UNDECLARED_SELECTOR = YES;
				GCC_WARN_UNINITIALIZED_AUTOS = YES_AGGRESSIVE;
				GCC_WARN_UNUSED_FUNCTION = YES;
				GCC_WARN_UNUSED_VARIABLE = YES;
				IPHONEOS_DEPLOYMENT_TARGET = 12.2;
				MTL_ENABLE_DEBUG_INFO = YES;
				ONLY_ACTIVE_ARCH = YES;
				OTHER_LDFLAGS = "$(inherited)";
				SDKROOT = iphoneos;
				SWIFT_OPTIMIZATION_LEVEL = "-Onone";
				SWIFT_VERSION = 4.0;
			};
			name = Debug;
		};
		347209831BB808D1004DE6DA /* Release */ = {
			isa = XCBuildConfiguration;
			buildSettings = {
				ALWAYS_EMBED_SWIFT_STANDARD_LIBRARIES = YES;
				ALWAYS_SEARCH_USER_PATHS = NO;
				CLANG_CXX_LANGUAGE_STANDARD = "gnu++0x";
				CLANG_CXX_LIBRARY = "libc++";
				CLANG_ENABLE_MODULES = YES;
				CLANG_ENABLE_OBJC_ARC = YES;
				CLANG_WARN_BLOCK_CAPTURE_AUTORELEASING = YES;
				CLANG_WARN_BOOL_CONVERSION = YES;
				CLANG_WARN_COMMA = YES;
				CLANG_WARN_CONSTANT_CONVERSION = YES;
				CLANG_WARN_DEPRECATED_OBJC_IMPLEMENTATIONS = YES;
				CLANG_WARN_DIRECT_OBJC_ISA_USAGE = YES_ERROR;
				CLANG_WARN_EMPTY_BODY = YES;
				CLANG_WARN_ENUM_CONVERSION = YES;
				CLANG_WARN_INFINITE_RECURSION = YES;
				CLANG_WARN_INT_CONVERSION = YES;
				CLANG_WARN_NON_LITERAL_NULL_CONVERSION = YES;
				CLANG_WARN_OBJC_IMPLICIT_RETAIN_SELF = YES;
				CLANG_WARN_OBJC_LITERAL_CONVERSION = YES;
				CLANG_WARN_OBJC_ROOT_CLASS = YES_ERROR;
				CLANG_WARN_RANGE_LOOP_ANALYSIS = YES;
				CLANG_WARN_STRICT_PROTOTYPES = YES;
				CLANG_WARN_SUSPICIOUS_MOVE = YES;
				CLANG_WARN_UNREACHABLE_CODE = YES;
				CLANG_WARN__DUPLICATE_METHOD_MATCH = YES;
				"CODE_SIGN_IDENTITY[sdk=iphoneos*]" = "iPhone Developer";
				COPY_PHASE_STRIP = NO;
				DEBUG_INFORMATION_FORMAT = "dwarf-with-dsym";
				ENABLE_NS_ASSERTIONS = NO;
				ENABLE_STRICT_OBJC_MSGSEND = YES;
				GCC_C_LANGUAGE_STANDARD = gnu99;
				GCC_NO_COMMON_BLOCKS = YES;
				GCC_WARN_64_TO_32_BIT_CONVERSION = YES;
				GCC_WARN_ABOUT_RETURN_TYPE = YES_ERROR;
				GCC_WARN_UNDECLARED_SELECTOR = YES;
				GCC_WARN_UNINITIALIZED_AUTOS = YES_AGGRESSIVE;
				GCC_WARN_UNUSED_FUNCTION = YES;
				GCC_WARN_UNUSED_VARIABLE = YES;
				IPHONEOS_DEPLOYMENT_TARGET = 12.2;
				MTL_ENABLE_DEBUG_INFO = NO;
				OTHER_LDFLAGS = "$(inherited)";
				SDKROOT = iphoneos;
				SWIFT_OPTIMIZATION_LEVEL = "-Owholemodule";
				SWIFT_VERSION = 4.0;
				VALIDATE_PRODUCT = YES;
			};
			name = Release;
		};
		347209851BB808D1004DE6DA /* Debug */ = {
			isa = XCBuildConfiguration;
			buildSettings = {
				ALWAYS_EMBED_SWIFT_STANDARD_LIBRARIES = YES;
				ASSETCATALOG_COMPILER_APPICON_NAME = AppIcon;
				FRAMEWORK_SEARCH_PATHS = "$(inherited)";
				INFOPLIST_FILE = Sample/Info.plist;
				IPHONEOS_DEPLOYMENT_TARGET = 12.2;
				LD_RUNPATH_SEARCH_PATHS = "$(inherited) @executable_path/Frameworks";
				OTHER_LDFLAGS = "$(inherited)";
				PRODUCT_BUNDLE_IDENTIFIER = com.roymarmelstein.Sample;
				PRODUCT_NAME = "$(TARGET_NAME)";
				SWIFT_VERSION = 5.0;
			};
			name = Debug;
		};
		347209861BB808D1004DE6DA /* Release */ = {
			isa = XCBuildConfiguration;
			buildSettings = {
				ALWAYS_EMBED_SWIFT_STANDARD_LIBRARIES = YES;
				ASSETCATALOG_COMPILER_APPICON_NAME = AppIcon;
				FRAMEWORK_SEARCH_PATHS = "$(inherited)";
				INFOPLIST_FILE = Sample/Info.plist;
				IPHONEOS_DEPLOYMENT_TARGET = 12.2;
				LD_RUNPATH_SEARCH_PATHS = "$(inherited) @executable_path/Frameworks";
				OTHER_LDFLAGS = "$(inherited)";
				PRODUCT_BUNDLE_IDENTIFIER = com.roymarmelstein.Sample;
				PRODUCT_NAME = "$(TARGET_NAME)";
				SWIFT_VERSION = 5.0;
			};
			name = Release;
		};
/* End XCBuildConfiguration section */

/* Begin XCConfigurationList section */
		347209621BB808D1004DE6DA /* Build configuration list for PBXProject "AsYouTypeSample" */ = {
			isa = XCConfigurationList;
			buildConfigurations = (
				347209821BB808D1004DE6DA /* Debug */,
				347209831BB808D1004DE6DA /* Release */,
			);
			defaultConfigurationIsVisible = 0;
			defaultConfigurationName = Release;
		};
		347209841BB808D1004DE6DA /* Build configuration list for PBXNativeTarget "AsYouTypeSample" */ = {
			isa = XCConfigurationList;
			buildConfigurations = (
				347209851BB808D1004DE6DA /* Debug */,
				347209861BB808D1004DE6DA /* Release */,
			);
			defaultConfigurationIsVisible = 0;
			defaultConfigurationName = Release;
		};
/* End XCConfigurationList section */
	};
	rootObject = 3472095F1BB808D1004DE6DA /* Project object */;
}
